
Microsoft Visual Studio Solution File, Format Version 12.00
# Visual Studio 14
VisualStudioVersion = 14.0.23107.0
MinimumVisualStudioVersion = 10.0.40219.1
Project("{FAE04EC0-301F-11D3-BF4B-00C04F79EFBC}") = "XingKongFormGenerator", "XingKongFormGenerator\XingKongFormGenerator.csproj", "{24C1F359-E768-4A2E-8008-9BFB53FCCAEE}"
EndProject
Project("{FAE04EC0-301F-11D3-BF4B-00C04F79EFBC}") = "XingKongForm", "XingKongForm\XingKongForm.csproj", "{4587DBBB-58A5-4C9D-A2C0-ED320F3440C4}"
EndProject
Project("{FAE04EC0-301F-11D3-BF4B-00C04F79EFBC}") = "AppLoader", "AppLoader\AppLoader.csproj", "{9B7C0966-2059-427A-97B1-295E224E990F}"
	ProjectSection(ProjectDependencies) = postProject
		{73B3629F-59D0-4A7A-9571-719B193527D0} = {73B3629F-59D0-4A7A-9571-719B193527D0}
	EndProjectSection
EndProject
Project("{FAE04EC0-301F-11D3-BF4B-00C04F79EFBC}") = "RemoteController", "RemoteController\RemoteController.csproj", "{883B3BF9-AAD4-44B1-96F0-A9FCFDD5240E}"
EndProject
Project("{FAE04EC0-301F-11D3-BF4B-00C04F79EFBC}") = "AppBase", "AppBase\AppBase.csproj", "{3382A8ED-A54E-42E8-AB84-B049D126BFE2}"
EndProject
Project("{FAE04EC0-301F-11D3-BF4B-00C04F79EFBC}") = "SystemUI", "SystemUI\SystemUI.csproj", "{73B3629F-59D0-4A7A-9571-719B193527D0}"
EndProject
Project("{FAE04EC0-301F-11D3-BF4B-00C04F79EFBC}") = "RemoteSerialPort", "RemoteSerialPort\RemoteSerialPort.csproj", "{29EC0D68-A27B-491B-9C4E-9F46AD748A42}"
EndProject
Project("{2150E333-8FDC-42A3-9474-1A3956D46DE8}") = "Apps", "Apps", "{3631D283-AF00-4B6F-A0D8-C24886E51DA0}"
EndProject
Project("{FAE04EC0-301F-11D3-BF4B-00C04F79EFBC}") = "PhotoLibrary", "PhotoLibrary\PhotoLibrary.csproj", "{047B8305-DD36-47BE-8A4F-4058929D67BA}"
EndProject
Project("{2150E333-8FDC-42A3-9474-1A3956D46DE8}") = "RmotePlayer", "RmotePlayer", "{F007A066-8898-4BFC-A358-51551A4EC5C9}"
EndProject
Project("{FAE04EC0-301F-11D3-BF4B-00C04F79EFBC}") = "PC", "PC\PC.csproj", "{F339E762-5044-4914-9499-AF134A80BC00}"
EndProject
Project("{FAE04EC0-301F-11D3-BF4B-00C04F79EFBC}") = "RemotePlayer", "Pi\RemotePlayer.csproj", "{23D3DD00-C410-4556-AB0E-D740313500F3}"
EndProject
Project("{FAE04EC0-301F-11D3-BF4B-00C04F79EFBC}") = "TpLinkNetMonitor", "TpLinkNetMonitor\TpLinkNetMonitor.csproj", "{A9BF3558-0F02-4CE4-91C5-58360DC68988}"
EndProject
Project("{FAE04EC0-301F-11D3-BF4B-00C04F79EFBC}") = "UnitTestProject1", "UnitTestProject1\UnitTestProject1.csproj", "{9F783254-BA49-43FD-BFCA-CC60977691CF}"
EndProject
Project("{FAE04EC0-301F-11D3-BF4B-00C04F79EFBC}") = "Kuaidi", "Kuaidi\Kuaidi.csproj", "{7232BF5C-C754-4A2F-9713-86F8BFC70900}"
EndProject
Global
	GlobalSection(SolutionConfigurationPlatforms) = preSolution
		Debug|Any CPU = Debug|Any CPU
		Release|Any CPU = Release|Any CPU
	EndGlobalSection
	GlobalSection(ProjectConfigurationPlatforms) = postSolution
		{24C1F359-E768-4A2E-8008-9BFB53FCCAEE}.Debug|Any CPU.ActiveCfg = Debug|Any CPU
		{24C1F359-E768-4A2E-8008-9BFB53FCCAEE}.Debug|Any CPU.Build.0 = Debug|Any CPU
		{24C1F359-E768-4A2E-8008-9BFB53FCCAEE}.Release|Any CPU.ActiveCfg = Release|Any CPU
		{24C1F359-E768-4A2E-8008-9BFB53FCCAEE}.Release|Any CPU.Build.0 = Release|Any CPU
		{4587DBBB-58A5-4C9D-A2C0-ED320F3440C4}.Debug|Any CPU.ActiveCfg = Debug|Any CPU
		{4587DBBB-58A5-4C9D-A2C0-ED320F3440C4}.Debug|Any CPU.Build.0 = Debug|Any CPU
		{4587DBBB-58A5-4C9D-A2C0-ED320F3440C4}.Release|Any CPU.ActiveCfg = Release|Any CPU
		{4587DBBB-58A5-4C9D-A2C0-ED320F3440C4}.Release|Any CPU.Build.0 = Release|Any CPU
		{9B7C0966-2059-427A-97B1-295E224E990F}.Debug|Any CPU.ActiveCfg = Debug|Any CPU
		{9B7C0966-2059-427A-97B1-295E224E990F}.Debug|Any CPU.Build.0 = Debug|Any CPU
		{9B7C0966-2059-427A-97B1-295E224E990F}.Release|Any CPU.ActiveCfg = Release|Any CPU
		{9B7C0966-2059-427A-97B1-295E224E990F}.Release|Any CPU.Build.0 = Release|Any CPU
		{883B3BF9-AAD4-44B1-96F0-A9FCFDD5240E}.Debug|Any CPU.ActiveCfg = Debug|Any CPU
		{883B3BF9-AAD4-44B1-96F0-A9FCFDD5240E}.Debug|Any CPU.Build.0 = Debug|Any CPU
		{883B3BF9-AAD4-44B1-96F0-A9FCFDD5240E}.Release|Any CPU.ActiveCfg = Release|Any CPU
		{883B3BF9-AAD4-44B1-96F0-A9FCFDD5240E}.Release|Any CPU.Build.0 = Release|Any CPU
		{3382A8ED-A54E-42E8-AB84-B049D126BFE2}.Debug|Any CPU.ActiveCfg = Debug|Any CPU
		{3382A8ED-A54E-42E8-AB84-B049D126BFE2}.Debug|Any CPU.Build.0 = Debug|Any CPU
		{3382A8ED-A54E-42E8-AB84-B049D126BFE2}.Release|Any CPU.ActiveCfg = Release|Any CPU
		{3382A8ED-A54E-42E8-AB84-B049D126BFE2}.Release|Any CPU.Build.0 = Release|Any CPU
		{73B3629F-59D0-4A7A-9571-719B193527D0}.Debug|Any CPU.ActiveCfg = Debug|Any CPU
		{73B3629F-59D0-4A7A-9571-719B193527D0}.Debug|Any CPU.Build.0 = Debug|Any CPU
		{73B3629F-59D0-4A7A-9571-719B193527D0}.Release|Any CPU.ActiveCfg = Release|Any CPU
		{73B3629F-59D0-4A7A-9571-719B193527D0}.Release|Any CPU.Build.0 = Release|Any CPU
		{29EC0D68-A27B-491B-9C4E-9F46AD748A42}.Debug|Any CPU.ActiveCfg = Debug|Any CPU
		{29EC0D68-A27B-491B-9C4E-9F46AD748A42}.Debug|Any CPU.Build.0 = Debug|Any CPU
		{29EC0D68-A27B-491B-9C4E-9F46AD748A42}.Release|Any CPU.ActiveCfg = Release|Any CPU
		{29EC0D68-A27B-491B-9C4E-9F46AD748A42}.Release|Any CPU.Build.0 = Release|Any CPU
		{047B8305-DD36-47BE-8A4F-4058929D67BA}.Debug|Any CPU.ActiveCfg = Debug|Any CPU
		{047B8305-DD36-47BE-8A4F-4058929D67BA}.Debug|Any CPU.Build.0 = Debug|Any CPU
		{047B8305-DD36-47BE-8A4F-4058929D67BA}.Release|Any CPU.ActiveCfg = Release|Any CPU
		{047B8305-DD36-47BE-8A4F-4058929D67BA}.Release|Any CPU.Build.0 = Release|Any CPU
		{F339E762-5044-4914-9499-AF134A80BC00}.Debug|Any CPU.ActiveCfg = Debug|Any CPU
		{F339E762-5044-4914-9499-AF134A80BC00}.Debug|Any CPU.Build.0 = Debug|Any CPU
		{F339E762-5044-4914-9499-AF134A80BC00}.Release|Any CPU.ActiveCfg = Release|Any CPU
		{F339E762-5044-4914-9499-AF134A80BC00}.Release|Any CPU.Build.0 = Release|Any CPU
		{23D3DD00-C410-4556-AB0E-D740313500F3}.Debug|Any CPU.ActiveCfg = Debug|Any CPU
		{23D3DD00-C410-4556-AB0E-D740313500F3}.Debug|Any CPU.Build.0 = Debug|Any CPU
		{23D3DD00-C410-4556-AB0E-D740313500F3}.Release|Any CPU.ActiveCfg = Release|Any CPU
		{23D3DD00-C410-4556-AB0E-D740313500F3}.Release|Any CPU.Build.0 = Release|Any CPU
		{A9BF3558-0F02-4CE4-91C5-58360DC68988}.Debug|Any CPU.ActiveCfg = Debug|Any CPU
		{A9BF3558-0F02-4CE4-91C5-58360DC68988}.Debug|Any CPU.Build.0 = Debug|Any CPU
		{A9BF3558-0F02-4CE4-91C5-58360DC68988}.Release|Any CPU.ActiveCfg = Release|Any CPU
		{A9BF3558-0F02-4CE4-91C5-58360DC68988}.Release|Any CPU.Build.0 = Release|Any CPU
		{9F783254-BA49-43FD-BFCA-CC60977691CF}.Debug|Any CPU.ActiveCfg = Debug|Any CPU
		{9F783254-BA49-43FD-BFCA-CC60977691CF}.Debug|Any CPU.Build.0 = Debug|Any CPU
		{9F783254-BA49-43FD-BFCA-CC60977691CF}.Release|Any CPU.ActiveCfg = Release|Any CPU
		{9F783254-BA49-43FD-BFCA-CC60977691CF}.Release|Any CPU.Build.0 = Release|Any CPU
		{7232BF5C-C754-4A2F-9713-86F8BFC70900}.Debug|Any CPU.ActiveCfg = Debug|Any CPU
		{7232BF5C-C754-4A2F-9713-86F8BFC70900}.Debug|Any CPU.Build.0 = Debug|Any CPU
		{7232BF5C-C754-4A2F-9713-86F8BFC70900}.Release|Any CPU.ActiveCfg = Release|Any CPU
		{7232BF5C-C754-4A2F-9713-86F8BFC70900}.Release|Any CPU.Build.0 = Release|Any CPU
	EndGlobalSection
	GlobalSection(SolutionProperties) = preSolution
		HideSolutionNode = FALSE
	EndGlobalSection
	GlobalSection(NestedProjects) = preSolution
		{047B8305-DD36-47BE-8A4F-4058929D67BA} = {3631D283-AF00-4B6F-A0D8-C24886E51DA0}
		{F007A066-8898-4BFC-A358-51551A4EC5C9} = {3631D283-AF00-4B6F-A0D8-C24886E51DA0}
		{F339E762-5044-4914-9499-AF134A80BC00} = {F007A066-8898-4BFC-A358-51551A4EC5C9}
		{23D3DD00-C410-4556-AB0E-D740313500F3} = {F007A066-8898-4BFC-A358-51551A4EC5C9}
		{A9BF3558-0F02-4CE4-91C5-58360DC68988} = {3631D283-AF00-4B6F-A0D8-C24886E51DA0}
		{7232BF5C-C754-4A2F-9713-86F8BFC70900} = {3631D283-AF00-4B6F-A0D8-C24886E51DA0}
	EndGlobalSection
EndGlobal
